
Microsoft Visual Studio Solution File, Format Version 12.00
# Visual Studio 15
VisualStudioVersion = 15.0.28307.489
MinimumVisualStudioVersion = 10.0.40219.1
Project("{FAE04EC0-301F-11D3-BF4B-00C04F79EFBC}") = "Cine", "Proyecto Cine\Cine.csproj", "{91467F52-2B96-4A99-8B38-91DCEC17FECD}"
EndProject
Global
	GlobalSection(SolutionConfigurationPlatforms) = preSolution
		Debug|Any CPU = Debug|Any CPU
		Release|Any CPU = Release|Any CPU
	EndGlobalSection
	GlobalSection(ProjectConfigurationPlatforms) = postSolution
		{91467F52-2B96-4A99-8B38-91DCEC17FECD}.Debug|Any CPU.ActiveCfg = Debug|Any CPU
		{91467F52-2B96-4A99-8B38-91DCEC17FECD}.Debug|Any CPU.Build.0 = Debug|Any CPU
		{91467F52-2B96-4A99-8B38-91DCEC17FECD}.Release|Any CPU.ActiveCfg = Release|Any CPU
		{91467F52-2B96-4A99-8B38-91DCEC17FECD}.Release|Any CPU.Build.0 = Release|Any CPU
	EndGlobalSection
	GlobalSection(SolutionProperties) = preSolution
		HideSolutionNode = FALSE
	EndGlobalSection
	GlobalSection(ExtensibilityGlobals) = postSolution
		SolutionGuid = {CB5EF1B9-C09F-4E61-9D00-DA8EFC08F535}
	EndGlobalSection
EndGlobal
